
Microsoft Visual Studio Solution File, Format Version 12.00
# Visual Studio 2015
Project("{FAE04EC0-301F-11D3-BF4B-00C04F79EFBC}") = "MapUnity", "MapUnity.csproj", "{0839F3A5-FD5C-81F8-3962-A9E6F6AD6D65}"
EndProject
Project("{FAE04EC0-301F-11D3-BF4B-00C04F79EFBC}") = "MapUnity.Editor", "MapUnity.Editor.csproj", "{9246D144-0957-05CF-0728-4993EA3E0962}"
EndProject
Global
	GlobalSection(SolutionConfigurationPlatforms) = preSolution
		Debug|Any CPU = Debug|Any CPU
		Release|Any CPU = Release|Any CPU
	EndGlobalSection
	GlobalSection(ProjectConfigurationPlatforms) = postSolution
		{0839F3A5-FD5C-81F8-3962-A9E6F6AD6D65}.Debug|Any CPU.ActiveCfg = Debug|Any CPU
		{0839F3A5-FD5C-81F8-3962-A9E6F6AD6D65}.Debug|Any CPU.Build.0 = Debug|Any CPU
		{0839F3A5-FD5C-81F8-3962-A9E6F6AD6D65}.Release|Any CPU.ActiveCfg = Release|Any CPU
		{0839F3A5-FD5C-81F8-3962-A9E6F6AD6D65}.Release|Any CPU.Build.0 = Release|Any CPU
		{9246D144-0957-05CF-0728-4993EA3E0962}.Debug|Any CPU.ActiveCfg = Debug|Any CPU
		{9246D144-0957-05CF-0728-4993EA3E0962}.Debug|Any CPU.Build.0 = Debug|Any CPU
		{9246D144-0957-05CF-0728-4993EA3E0962}.Release|Any CPU.ActiveCfg = Release|Any CPU
		{9246D144-0957-05CF-0728-4993EA3E0962}.Release|Any CPU.Build.0 = Release|Any CPU
	EndGlobalSection
	GlobalSection(SolutionProperties) = preSolution
		HideSolutionNode = FALSE
	EndGlobalSection
EndGlobal
